// !$*UTF8*$!
{
	archiveVersion = 1;
	classes = {
	};
	objectVersion = 55;
	objects = {

/* Begin PBXBuildFile section */
		592839742737B2410069651B /* MenuView.swift in Sources */ = {isa = PBXBuildFile; fileRef = 592839732737B2410069651B /* MenuView.swift */; };
		592839782737B7200069651B /* MenuController.swift in Sources */ = {isa = PBXBuildFile; fileRef = 592839772737B7200069651B /* MenuController.swift */; };
		5931188B27360EA000BA67BC /* PullRequestCell.swift in Sources */ = {isa = PBXBuildFile; fileRef = 5931188A27360EA000BA67BC /* PullRequestCell.swift */; };
		5931188C27360EA000BA67BC /* PullRequestCell.swift in Sources */ = {isa = PBXBuildFile; fileRef = 5931188A27360EA000BA67BC /* PullRequestCell.swift */; };
		593118972736754600BA67BC /* Color+Extensions.swift in Sources */ = {isa = PBXBuildFile; fileRef = 593118962736754600BA67BC /* Color+Extensions.swift */; };
		593118982736754600BA67BC /* Color+Extensions.swift in Sources */ = {isa = PBXBuildFile; fileRef = 593118962736754600BA67BC /* Color+Extensions.swift */; };
		5931189A2736758400BA67BC /* FilterView.swift in Sources */ = {isa = PBXBuildFile; fileRef = 593118992736758400BA67BC /* FilterView.swift */; };
		5931189B2736758400BA67BC /* FilterView.swift in Sources */ = {isa = PBXBuildFile; fileRef = 593118992736758400BA67BC /* FilterView.swift */; };
		5931189E2736867B00BA67BC /* CheckBox.swift in Sources */ = {isa = PBXBuildFile; fileRef = 5931189D2736867B00BA67BC /* CheckBox.swift */; };
		5931189F2736867B00BA67BC /* CheckBox.swift in Sources */ = {isa = PBXBuildFile; fileRef = 5931189D2736867B00BA67BC /* CheckBox.swift */; };
		5990F52C27396BB1007DC686 /* MyPRManager.swift in Sources */ = {isa = PBXBuildFile; fileRef = 5990F52B27396BB1007DC686 /* MyPRManager.swift */; };
		5990F52D27396BB1007DC686 /* MyPRManager.swift in Sources */ = {isa = PBXBuildFile; fileRef = 5990F52B27396BB1007DC686 /* MyPRManager.swift */; };
		599D979D2737C746003E1835 /* MenuBarPRCell.swift in Sources */ = {isa = PBXBuildFile; fileRef = 599D979C2737C746003E1835 /* MenuBarPRCell.swift */; };
		59CEC3D3273801FA003F94B1 /* Tag.swift in Sources */ = {isa = PBXBuildFile; fileRef = 59CEC3D2273801FA003F94B1 /* Tag.swift */; };
		59CEC3D4273801FA003F94B1 /* Tag.swift in Sources */ = {isa = PBXBuildFile; fileRef = 59CEC3D2273801FA003F94B1 /* Tag.swift */; };
		59CEC3D6273803BB003F94B1 /* PRItemLabel.swift in Sources */ = {isa = PBXBuildFile; fileRef = 59CEC3D5273803BB003F94B1 /* PRItemLabel.swift */; };
		59CEC3D7273803BB003F94B1 /* PRItemLabel.swift in Sources */ = {isa = PBXBuildFile; fileRef = 59CEC3D5273803BB003F94B1 /* PRItemLabel.swift */; };
		59DDC04F2737714200101394 /* PRItemType.swift in Sources */ = {isa = PBXBuildFile; fileRef = 59DDC04E2737714200101394 /* PRItemType.swift */; };
		59DDC0502737714B00101394 /* PRItemType.swift in Sources */ = {isa = PBXBuildFile; fileRef = 59DDC04E2737714200101394 /* PRItemType.swift */; };
		59DDC0532737ABAE00101394 /* AppDelegate.swift in Sources */ = {isa = PBXBuildFile; fileRef = 59DDC0512737ABAE00101394 /* AppDelegate.swift */; };
		692A74E3273204F200C872AB /* Apollo in Frameworks */ = {isa = PBXBuildFile; productRef = 692A74E2273204F200C872AB /* Apollo */; };
		692A74E5273204F200C872AB /* ApolloAPI in Frameworks */ = {isa = PBXBuildFile; productRef = 692A74E4273204F200C872AB /* ApolloAPI */; };
		692A74E7273204F200C872AB /* ApolloCodegenLib in Frameworks */ = {isa = PBXBuildFile; productRef = 692A74E6273204F200C872AB /* ApolloCodegenLib */; };
		692A74E9273204F200C872AB /* ApolloSQLite in Frameworks */ = {isa = PBXBuildFile; productRef = 692A74E8273204F200C872AB /* ApolloSQLite */; };
		692A74EB273204F200C872AB /* ApolloUtils in Frameworks */ = {isa = PBXBuildFile; productRef = 692A74EA273204F200C872AB /* ApolloUtils */; };
		692A74ED273204F200C872AB /* ApolloWebSocket in Frameworks */ = {isa = PBXBuildFile; productRef = 692A74EC273204F200C872AB /* ApolloWebSocket */; };
		69BB4C1B27357FD4001175C8 /* LoginView.swift in Sources */ = {isa = PBXBuildFile; fileRef = 69BB4C1A27357FD4001175C8 /* LoginView.swift */; };
		69BB4C1C27357FD4001175C8 /* LoginView.swift in Sources */ = {isa = PBXBuildFile; fileRef = 69BB4C1A27357FD4001175C8 /* LoginView.swift */; };
		69BB4C272736CB60001175C8 /* PRListView.swift in Sources */ = {isa = PBXBuildFile; fileRef = 69BB4C262736CB60001175C8 /* PRListView.swift */; };
		69BB4C282736CB60001175C8 /* PRListView.swift in Sources */ = {isa = PBXBuildFile; fileRef = 69BB4C262736CB60001175C8 /* PRListView.swift */; };
		69BB4C2A2736CB64001175C8 /* Constants.swift in Sources */ = {isa = PBXBuildFile; fileRef = 69BB4C292736CB64001175C8 /* Constants.swift */; };
		69BB4C2B2736CB64001175C8 /* Constants.swift in Sources */ = {isa = PBXBuildFile; fileRef = 69BB4C292736CB64001175C8 /* Constants.swift */; };
		69BB4C2D2736CB6A001175C8 /* PRListViewModel.swift in Sources */ = {isa = PBXBuildFile; fileRef = 69BB4C2C2736CB6A001175C8 /* PRListViewModel.swift */; };
		69BB4C2E2736CB6A001175C8 /* PRListViewModel.swift in Sources */ = {isa = PBXBuildFile; fileRef = 69BB4C2C2736CB6A001175C8 /* PRListViewModel.swift */; };
		69BB4C312736EC24001175C8 /* FilterViewModel.swift in Sources */ = {isa = PBXBuildFile; fileRef = 69BB4C302736EC24001175C8 /* FilterViewModel.swift */; };
		69BB4C322736EC24001175C8 /* FilterViewModel.swift in Sources */ = {isa = PBXBuildFile; fileRef = 69BB4C302736EC24001175C8 /* FilterViewModel.swift */; };
		69BB4C3A27379B46001175C8 /* Array+Extensions.swift in Sources */ = {isa = PBXBuildFile; fileRef = 69BB4C3927379B46001175C8 /* Array+Extensions.swift */; };
		69BB4C3B27379B46001175C8 /* Array+Extensions.swift in Sources */ = {isa = PBXBuildFile; fileRef = 69BB4C3927379B46001175C8 /* Array+Extensions.swift */; };
		69BB4C462737B6F1001175C8 /* RefreshableScrollView.swift in Sources */ = {isa = PBXBuildFile; fileRef = 69BB4C452737B6F1001175C8 /* RefreshableScrollView.swift */; };
		69BB4C472737B6F1001175C8 /* RefreshableScrollView.swift in Sources */ = {isa = PBXBuildFile; fileRef = 69BB4C452737B6F1001175C8 /* RefreshableScrollView.swift */; };
		69BB4C4C2737EEB4001175C8 /* SettingsView.swift in Sources */ = {isa = PBXBuildFile; fileRef = 69BB4C4B2737EEB4001175C8 /* SettingsView.swift */; };
		69BB4C4D2737EEB4001175C8 /* SettingsView.swift in Sources */ = {isa = PBXBuildFile; fileRef = 69BB4C4B2737EEB4001175C8 /* SettingsView.swift */; };
		69BB4C4F2737F1B1001175C8 /* SettingsViewModel.swift in Sources */ = {isa = PBXBuildFile; fileRef = 69BB4C4E2737F1B1001175C8 /* SettingsViewModel.swift */; };
		69BB4C502737F1B1001175C8 /* SettingsViewModel.swift in Sources */ = {isa = PBXBuildFile; fileRef = 69BB4C4E2737F1B1001175C8 /* SettingsViewModel.swift */; };
		69BB4C52273807E3001175C8 /* WatchedUserViewModel.swift in Sources */ = {isa = PBXBuildFile; fileRef = 69BB4C51273807E3001175C8 /* WatchedUserViewModel.swift */; };
		69BB4C53273807E3001175C8 /* WatchedUserViewModel.swift in Sources */ = {isa = PBXBuildFile; fileRef = 69BB4C51273807E3001175C8 /* WatchedUserViewModel.swift */; };
		69CA34A0273161C0004D5D9C /* PRCheckerApp.swift in Sources */ = {isa = PBXBuildFile; fileRef = 69CA3490273161BF004D5D9C /* PRCheckerApp.swift */; };
		69CA34A1273161C0004D5D9C /* PRCheckerApp.swift in Sources */ = {isa = PBXBuildFile; fileRef = 69CA3490273161BF004D5D9C /* PRCheckerApp.swift */; };
		69CA34A2273161C0004D5D9C /* ContentView.swift in Sources */ = {isa = PBXBuildFile; fileRef = 69CA3491273161BF004D5D9C /* ContentView.swift */; };
		69CA34A3273161C0004D5D9C /* ContentView.swift in Sources */ = {isa = PBXBuildFile; fileRef = 69CA3491273161BF004D5D9C /* ContentView.swift */; };
		69CA34A4273161C0004D5D9C /* Assets.xcassets in Resources */ = {isa = PBXBuildFile; fileRef = 69CA3492273161C0004D5D9C /* Assets.xcassets */; };
		69CA34A5273161C0004D5D9C /* Assets.xcassets in Resources */ = {isa = PBXBuildFile; fileRef = 69CA3492273161C0004D5D9C /* Assets.xcassets */; };
		69CA34BD273163E3004D5D9C /* Queries.graphql in Resources */ = {isa = PBXBuildFile; fileRef = 69CA34BC273163E3004D5D9C /* Queries.graphql */; };
		69CA34BE273163E3004D5D9C /* Queries.graphql in Resources */ = {isa = PBXBuildFile; fileRef = 69CA34BC273163E3004D5D9C /* Queries.graphql */; };
		69CA34C22731651F004D5D9C /* schema.json in Resources */ = {isa = PBXBuildFile; fileRef = 69CA34C12731651F004D5D9C /* schema.json */; };
		69CA34C32731651F004D5D9C /* schema.json in Resources */ = {isa = PBXBuildFile; fileRef = 69CA34C12731651F004D5D9C /* schema.json */; };
		69CA34C5273165D3004D5D9C /* API.swift in Sources */ = {isa = PBXBuildFile; fileRef = 69CA34C4273165D3004D5D9C /* API.swift */; };
		69CA34C6273165D3004D5D9C /* API.swift in Sources */ = {isa = PBXBuildFile; fileRef = 69CA34C4273165D3004D5D9C /* API.swift */; };
		69D64386273256DF0001BBBA /* NetworkService.swift in Sources */ = {isa = PBXBuildFile; fileRef = 69D64385273256DF0001BBBA /* NetworkService.swift */; };
		69D64387273256DF0001BBBA /* NetworkService.swift in Sources */ = {isa = PBXBuildFile; fileRef = 69D64385273256DF0001BBBA /* NetworkService.swift */; };
		69D6438A2732573A0001BBBA /* LoginInfoViewModel.swift in Sources */ = {isa = PBXBuildFile; fileRef = 69D643892732573A0001BBBA /* LoginInfoViewModel.swift */; };
		69D6438B2732573A0001BBBA /* LoginInfoViewModel.swift in Sources */ = {isa = PBXBuildFile; fileRef = 69D643892732573A0001BBBA /* LoginInfoViewModel.swift */; };
		69D6438E273258CD0001BBBA /* KeychainAccess in Frameworks */ = {isa = PBXBuildFile; productRef = 69D6438D273258CD0001BBBA /* KeychainAccess */; };
		69D6439127325F6F0001BBBA /* PullRequest.swift in Sources */ = {isa = PBXBuildFile; fileRef = 69D6439027325F6F0001BBBA /* PullRequest.swift */; };
		69D6439227325F6F0001BBBA /* PullRequest.swift in Sources */ = {isa = PBXBuildFile; fileRef = 69D6439027325F6F0001BBBA /* PullRequest.swift */; };
/* End PBXBuildFile section */

/* Begin PBXFileReference section */
		592839732737B2410069651B /* MenuView.swift */ = {isa = PBXFileReference; lastKnownFileType = sourcecode.swift; path = MenuView.swift; sourceTree = "<group>"; };
		592839772737B7200069651B /* MenuController.swift */ = {isa = PBXFileReference; lastKnownFileType = sourcecode.swift; path = MenuController.swift; sourceTree = "<group>"; };
		5931188A27360EA000BA67BC /* PullRequestCell.swift */ = {isa = PBXFileReference; lastKnownFileType = sourcecode.swift; path = PullRequestCell.swift; sourceTree = "<group>"; };
		593118962736754600BA67BC /* Color+Extensions.swift */ = {isa = PBXFileReference; lastKnownFileType = sourcecode.swift; path = "Color+Extensions.swift"; sourceTree = "<group>"; };
		593118992736758400BA67BC /* FilterView.swift */ = {isa = PBXFileReference; lastKnownFileType = sourcecode.swift; path = FilterView.swift; sourceTree = "<group>"; };
		5931189D2736867B00BA67BC /* CheckBox.swift */ = {isa = PBXFileReference; lastKnownFileType = sourcecode.swift; path = CheckBox.swift; sourceTree = "<group>"; };
		5990F52B27396BB1007DC686 /* MyPRManager.swift */ = {isa = PBXFileReference; lastKnownFileType = sourcecode.swift; path = MyPRManager.swift; sourceTree = "<group>"; };
		599D979C2737C746003E1835 /* MenuBarPRCell.swift */ = {isa = PBXFileReference; lastKnownFileType = sourcecode.swift; path = MenuBarPRCell.swift; sourceTree = "<group>"; };
		59CEC3D2273801FA003F94B1 /* Tag.swift */ = {isa = PBXFileReference; lastKnownFileType = sourcecode.swift; path = Tag.swift; sourceTree = "<group>"; };
		59CEC3D5273803BB003F94B1 /* PRItemLabel.swift */ = {isa = PBXFileReference; lastKnownFileType = sourcecode.swift; path = PRItemLabel.swift; sourceTree = "<group>"; };
		59DDC04E2737714200101394 /* PRItemType.swift */ = {isa = PBXFileReference; lastKnownFileType = sourcecode.swift; path = PRItemType.swift; sourceTree = "<group>"; };
		59DDC0512737ABAE00101394 /* AppDelegate.swift */ = {isa = PBXFileReference; lastKnownFileType = sourcecode.swift; path = AppDelegate.swift; sourceTree = "<group>"; };
		69BB4C1A27357FD4001175C8 /* LoginView.swift */ = {isa = PBXFileReference; lastKnownFileType = sourcecode.swift; path = LoginView.swift; sourceTree = "<group>"; };
		69BB4C262736CB60001175C8 /* PRListView.swift */ = {isa = PBXFileReference; fileEncoding = 4; lastKnownFileType = sourcecode.swift; path = PRListView.swift; sourceTree = "<group>"; };
		69BB4C292736CB64001175C8 /* Constants.swift */ = {isa = PBXFileReference; fileEncoding = 4; lastKnownFileType = sourcecode.swift; path = Constants.swift; sourceTree = "<group>"; };
		69BB4C2C2736CB6A001175C8 /* PRListViewModel.swift */ = {isa = PBXFileReference; fileEncoding = 4; lastKnownFileType = sourcecode.swift; path = PRListViewModel.swift; sourceTree = "<group>"; };
		69BB4C302736EC24001175C8 /* FilterViewModel.swift */ = {isa = PBXFileReference; lastKnownFileType = sourcecode.swift; path = FilterViewModel.swift; sourceTree = "<group>"; };
		69BB4C3927379B46001175C8 /* Array+Extensions.swift */ = {isa = PBXFileReference; lastKnownFileType = sourcecode.swift; path = "Array+Extensions.swift"; sourceTree = "<group>"; };
		69BB4C452737B6F1001175C8 /* RefreshableScrollView.swift */ = {isa = PBXFileReference; fileEncoding = 4; lastKnownFileType = sourcecode.swift; path = RefreshableScrollView.swift; sourceTree = "<group>"; };
		69BB4C4B2737EEB4001175C8 /* SettingsView.swift */ = {isa = PBXFileReference; lastKnownFileType = sourcecode.swift; path = SettingsView.swift; sourceTree = "<group>"; };
		69BB4C4E2737F1B1001175C8 /* SettingsViewModel.swift */ = {isa = PBXFileReference; lastKnownFileType = sourcecode.swift; path = SettingsViewModel.swift; sourceTree = "<group>"; };
		69BB4C51273807E3001175C8 /* WatchedUserViewModel.swift */ = {isa = PBXFileReference; lastKnownFileType = sourcecode.swift; path = WatchedUserViewModel.swift; sourceTree = "<group>"; };
		69CA3490273161BF004D5D9C /* PRCheckerApp.swift */ = {isa = PBXFileReference; lastKnownFileType = sourcecode.swift; path = PRCheckerApp.swift; sourceTree = "<group>"; };
		69CA3491273161BF004D5D9C /* ContentView.swift */ = {isa = PBXFileReference; lastKnownFileType = sourcecode.swift; path = ContentView.swift; sourceTree = "<group>"; };
		69CA3492273161C0004D5D9C /* Assets.xcassets */ = {isa = PBXFileReference; lastKnownFileType = folder.assetcatalog; path = Assets.xcassets; sourceTree = "<group>"; };
		69CA3497273161C0004D5D9C /* PRChecker.app */ = {isa = PBXFileReference; explicitFileType = wrapper.application; includeInIndex = 0; path = PRChecker.app; sourceTree = BUILT_PRODUCTS_DIR; };
		69CA349D273161C0004D5D9C /* Drop.app */ = {isa = PBXFileReference; explicitFileType = wrapper.application; includeInIndex = 0; path = Drop.app; sourceTree = BUILT_PRODUCTS_DIR; };
		69CA349F273161C0004D5D9C /* macOS.entitlements */ = {isa = PBXFileReference; lastKnownFileType = text.plist.entitlements; path = macOS.entitlements; sourceTree = "<group>"; };
		69CA34BC273163E3004D5D9C /* Queries.graphql */ = {isa = PBXFileReference; lastKnownFileType = text; path = Queries.graphql; sourceTree = "<group>"; };
		69CA34C12731651F004D5D9C /* schema.json */ = {isa = PBXFileReference; fileEncoding = 4; lastKnownFileType = text.json; path = schema.json; sourceTree = "<group>"; };
		69CA34C4273165D3004D5D9C /* API.swift */ = {isa = PBXFileReference; fileEncoding = 4; lastKnownFileType = sourcecode.swift; path = API.swift; sourceTree = "<group>"; };
		69D64385273256DF0001BBBA /* NetworkService.swift */ = {isa = PBXFileReference; lastKnownFileType = sourcecode.swift; path = NetworkService.swift; sourceTree = "<group>"; };
		69D643892732573A0001BBBA /* LoginInfoViewModel.swift */ = {isa = PBXFileReference; lastKnownFileType = sourcecode.swift; path = LoginInfoViewModel.swift; sourceTree = "<group>"; };
		69D6439027325F6F0001BBBA /* PullRequest.swift */ = {isa = PBXFileReference; lastKnownFileType = sourcecode.swift; path = PullRequest.swift; sourceTree = "<group>"; };
/* End PBXFileReference section */

/* Begin PBXFrameworksBuildPhase section */
		69CA3494273161C0004D5D9C /* Frameworks */ = {
			isa = PBXFrameworksBuildPhase;
			buildActionMask = 2147483647;
			files = (
			);
			runOnlyForDeploymentPostprocessing = 0;
		};
		69CA349A273161C0004D5D9C /* Frameworks */ = {
			isa = PBXFrameworksBuildPhase;
			buildActionMask = 2147483647;
			files = (
				692A74E5273204F200C872AB /* ApolloAPI in Frameworks */,
				692A74ED273204F200C872AB /* ApolloWebSocket in Frameworks */,
				69D6438E273258CD0001BBBA /* KeychainAccess in Frameworks */,
				692A74EB273204F200C872AB /* ApolloUtils in Frameworks */,
				692A74E9273204F200C872AB /* ApolloSQLite in Frameworks */,
				692A74E7273204F200C872AB /* ApolloCodegenLib in Frameworks */,
				692A74E3273204F200C872AB /* Apollo in Frameworks */,
			);
			runOnlyForDeploymentPostprocessing = 0;
		};
/* End PBXFrameworksBuildPhase section */

/* Begin PBXGroup section */
		592839752737B6EE0069651B /* Unique Views */ = {
			isa = PBXGroup;
			children = (
				592839732737B2410069651B /* MenuView.swift */,
				599D979C2737C746003E1835 /* MenuBarPRCell.swift */,
			);
			path = "Unique Views";
			sourceTree = "<group>";
		};
		592839762737B70B0069651B /* Controllers */ = {
			isa = PBXGroup;
			children = (
				592839772737B7200069651B /* MenuController.swift */,
			);
			path = Controllers;
			sourceTree = "<group>";
		};
		593118952736753500BA67BC /* Extensions */ = {
			isa = PBXGroup;
			children = (
				593118962736754600BA67BC /* Color+Extensions.swift */,
				69BB4C3927379B46001175C8 /* Array+Extensions.swift */,
			);
			path = Extensions;
			sourceTree = "<group>";
		};
		5931189C2736865400BA67BC /* Common Views */ = {
			isa = PBXGroup;
			children = (
				5931189D2736867B00BA67BC /* CheckBox.swift */,
				69BB4C452737B6F1001175C8 /* RefreshableScrollView.swift */,
				59CEC3D2273801FA003F94B1 /* Tag.swift */,
				59CEC3D5273803BB003F94B1 /* PRItemLabel.swift */,
			);
			path = "Common Views";
			sourceTree = "<group>";
		};
		59DDC04D2737712D00101394 /* General */ = {
			isa = PBXGroup;
			children = (
				59DDC04E2737714200101394 /* PRItemType.swift */,
				5990F52B27396BB1007DC686 /* MyPRManager.swift */,
			);
			path = General;
			sourceTree = "<group>";
		};
		69BB4C2F2736E2C4001175C8 /* Unique Views */ = {
			isa = PBXGroup;
			children = (
				69CA3491273161BF004D5D9C /* ContentView.swift */,
				593118992736758400BA67BC /* FilterView.swift */,
				69BB4C1A27357FD4001175C8 /* LoginView.swift */,
				69BB4C262736CB60001175C8 /* PRListView.swift */,
				5931188A27360EA000BA67BC /* PullRequestCell.swift */,
				69BB4C4B2737EEB4001175C8 /* SettingsView.swift */,
			);
			path = "Unique Views";
			sourceTree = "<group>";
		};
		69CA348A273161BF004D5D9C = {
			isa = PBXGroup;
			children = (
				69CA34C12731651F004D5D9C /* schema.json */,
				69CA348F273161BF004D5D9C /* Shared */,
				69CA349E273161C0004D5D9C /* macOS */,
				69CA3498273161C0004D5D9C /* Products */,
			);
			sourceTree = "<group>";
		};
		69CA348F273161BF004D5D9C /* Shared */ = {
			isa = PBXGroup;
			children = (
				69CA3492273161C0004D5D9C /* Assets.xcassets */,
				59DDC04D2737712D00101394 /* General */,
				5931189C2736865400BA67BC /* Common Views */,
				593118952736753500BA67BC /* Extensions */,
				69CA34BB273163C4004D5D9C /* GraphQL */,
				69D6438F27325F660001BBBA /* Models */,
				69BB4C2F2736E2C4001175C8 /* Unique Views */,
				69D643882732572C0001BBBA /* ViewModels */,
				69CA3490273161BF004D5D9C /* PRCheckerApp.swift */,
				69BB4C292736CB64001175C8 /* Constants.swift */,
			);
			path = Shared;
			sourceTree = "<group>";
		};
		69CA3498273161C0004D5D9C /* Products */ = {
			isa = PBXGroup;
			children = (
				69CA3497273161C0004D5D9C /* PRChecker.app */,
				69CA349D273161C0004D5D9C /* Drop.app */,
			);
			name = Products;
			sourceTree = "<group>";
		};
		69CA349E273161C0004D5D9C /* macOS */ = {
			isa = PBXGroup;
			children = (
				592839762737B70B0069651B /* Controllers */,
				592839752737B6EE0069651B /* Unique Views */,
				59DDC0512737ABAE00101394 /* AppDelegate.swift */,
				69CA349F273161C0004D5D9C /* macOS.entitlements */,
			);
			path = macOS;
			sourceTree = "<group>";
		};
		69CA34BB273163C4004D5D9C /* GraphQL */ = {
			isa = PBXGroup;
			children = (
				69CA34C4273165D3004D5D9C /* API.swift */,
				69CA34BC273163E3004D5D9C /* Queries.graphql */,
				69D64385273256DF0001BBBA /* NetworkService.swift */,
			);
			path = GraphQL;
			sourceTree = "<group>";
		};
		69D643882732572C0001BBBA /* ViewModels */ = {
			isa = PBXGroup;
			children = (
				69BB4C302736EC24001175C8 /* FilterViewModel.swift */,
				69D643892732573A0001BBBA /* LoginInfoViewModel.swift */,
				69BB4C2C2736CB6A001175C8 /* PRListViewModel.swift */,
				69BB4C4E2737F1B1001175C8 /* SettingsViewModel.swift */,
				69BB4C51273807E3001175C8 /* WatchedUserViewModel.swift */,
			);
			path = ViewModels;
			sourceTree = "<group>";
		};
		69D6438F27325F660001BBBA /* Models */ = {
			isa = PBXGroup;
			children = (
				69D6439027325F6F0001BBBA /* PullRequest.swift */,
			);
			path = Models;
			sourceTree = "<group>";
		};
/* End PBXGroup section */

/* Begin PBXNativeTarget section */
		69CA3496273161C0004D5D9C /* PRChecker (iOS) */ = {
			isa = PBXNativeTarget;
			buildConfigurationList = 69CA34A8273161C0004D5D9C /* Build configuration list for PBXNativeTarget "PRChecker (iOS)" */;
			buildPhases = (
				69CA34C027316441004D5D9C /* Generate Apollo API */,
				69CA3493273161C0004D5D9C /* Sources */,
				69CA3494273161C0004D5D9C /* Frameworks */,
				69CA3495273161C0004D5D9C /* Resources */,
			);
			buildRules = (
			);
			dependencies = (
			);
			name = "PRChecker (iOS)";
			packageProductDependencies = (
			);
			productName = "PRChecker (iOS)";
			productReference = 69CA3497273161C0004D5D9C /* PRChecker.app */;
			productType = "com.apple.product-type.application";
		};
		69CA349C273161C0004D5D9C /* PRChecker (macOS) */ = {
			isa = PBXNativeTarget;
			buildConfigurationList = 69CA34AB273161C0004D5D9C /* Build configuration list for PBXNativeTarget "PRChecker (macOS)" */;
			buildPhases = (
				69CA34BF27316424004D5D9C /* Generate Apollo API */,
				69CA3499273161C0004D5D9C /* Sources */,
				69CA349A273161C0004D5D9C /* Frameworks */,
				69CA349B273161C0004D5D9C /* Resources */,
			);
			buildRules = (
			);
			dependencies = (
			);
			name = "PRChecker (macOS)";
			packageProductDependencies = (
				692A74E2273204F200C872AB /* Apollo */,
				692A74E4273204F200C872AB /* ApolloAPI */,
				692A74E6273204F200C872AB /* ApolloCodegenLib */,
				692A74E8273204F200C872AB /* ApolloSQLite */,
				692A74EA273204F200C872AB /* ApolloUtils */,
				692A74EC273204F200C872AB /* ApolloWebSocket */,
				69D6438D273258CD0001BBBA /* KeychainAccess */,
			);
			productName = "PRChecker (macOS)";
			productReference = 69CA349D273161C0004D5D9C /* Drop.app */;
			productType = "com.apple.product-type.application";
		};
/* End PBXNativeTarget section */

/* Begin PBXProject section */
		69CA348B273161BF004D5D9C /* Project object */ = {
			isa = PBXProject;
			attributes = {
				BuildIndependentTargetsInParallel = 1;
				LastSwiftUpdateCheck = 1310;
				LastUpgradeCheck = 1310;
				TargetAttributes = {
					69CA3496273161C0004D5D9C = {
						CreatedOnToolsVersion = 13.1;
					};
					69CA349C273161C0004D5D9C = {
						CreatedOnToolsVersion = 13.1;
					};
				};
			};
			buildConfigurationList = 69CA348E273161BF004D5D9C /* Build configuration list for PBXProject "PRChecker" */;
			compatibilityVersion = "Xcode 13.0";
			developmentRegion = en;
			hasScannedForEncodings = 0;
			knownRegions = (
				en,
				Base,
			);
			mainGroup = 69CA348A273161BF004D5D9C;
			packageReferences = (
				692A74E1273204F200C872AB /* XCRemoteSwiftPackageReference "apollo-ios" */,
				69D6438C273258CD0001BBBA /* XCRemoteSwiftPackageReference "KeychainAccess" */,
			);
			productRefGroup = 69CA3498273161C0004D5D9C /* Products */;
			projectDirPath = "";
			projectRoot = "";
			targets = (
				69CA3496273161C0004D5D9C /* PRChecker (iOS) */,
				69CA349C273161C0004D5D9C /* PRChecker (macOS) */,
			);
		};
/* End PBXProject section */

/* Begin PBXResourcesBuildPhase section */
		69CA3495273161C0004D5D9C /* Resources */ = {
			isa = PBXResourcesBuildPhase;
			buildActionMask = 2147483647;
			files = (
				69CA34BD273163E3004D5D9C /* Queries.graphql in Resources */,
				69CA34C22731651F004D5D9C /* schema.json in Resources */,
				69CA34A4273161C0004D5D9C /* Assets.xcassets in Resources */,
			);
			runOnlyForDeploymentPostprocessing = 0;
		};
		69CA349B273161C0004D5D9C /* Resources */ = {
			isa = PBXResourcesBuildPhase;
			buildActionMask = 2147483647;
			files = (
				69CA34BE273163E3004D5D9C /* Queries.graphql in Resources */,
				69CA34C32731651F004D5D9C /* schema.json in Resources */,
				69CA34A5273161C0004D5D9C /* Assets.xcassets in Resources */,
			);
			runOnlyForDeploymentPostprocessing = 0;
		};
/* End PBXResourcesBuildPhase section */

/* Begin PBXShellScriptBuildPhase section */
		69CA34BF27316424004D5D9C /* Generate Apollo API */ = {
			isa = PBXShellScriptBuildPhase;
			buildActionMask = 2147483647;
			files = (
			);
			inputFileListPaths = (
			);
			inputPaths = (
			);
			name = "Generate Apollo API";
			outputFileListPaths = (
			);
			outputPaths = (
			);
			runOnlyForDeploymentPostprocessing = 0;
			shellPath = /bin/sh;
			shellScript = "# Don't run this during index builds\nif [ $ACTION = \"indexbuild\" ]; then exit 0; fi\n\n# Go to the build root and search up the chain to find the Derived Data Path where the source packages are checked out.\nDERIVED_DATA_CANDIDATE=\"${BUILD_ROOT}\"\n\nwhile ! [ -d \"${DERIVED_DATA_CANDIDATE}/SourcePackages\" ]; do\n  if [ \"${DERIVED_DATA_CANDIDATE}\" = / ]; then\n    echo >&2 \"error: Unable to locate SourcePackages directory from BUILD_ROOT: '${BUILD_ROOT}'\"\n    exit 1\n  fi\n\n  DERIVED_DATA_CANDIDATE=\"$(dirname \"${DERIVED_DATA_CANDIDATE}\")\"\ndone\n\n# Grab a reference to the directory where scripts are checked out\nSCRIPT_PATH=\"${DERIVED_DATA_CANDIDATE}/SourcePackages/checkouts/apollo-ios/scripts\"\n\nif [ -z \"${SCRIPT_PATH}\" ]; then\n    echo >&2 \"error: Couldn't find the CLI script in your checked out SPM packages; make sure to add the framework to your project.\"\n    exit 1\nfi\n\ncd \"${SRCROOT}/${TARGET_NAME}\"\n\"${SCRIPT_PATH}\"/run-bundled-codegen.sh codegen:generate --target=swift --includes=./**/*.graphql --localSchemaFile=\"schema.json\" Shared/GraphQL/API.swift\n\n";
		};
		69CA34C027316441004D5D9C /* Generate Apollo API */ = {
			isa = PBXShellScriptBuildPhase;
			buildActionMask = 2147483647;
			files = (
			);
			inputFileListPaths = (
			);
			inputPaths = (
			);
			name = "Generate Apollo API";
			outputFileListPaths = (
			);
			outputPaths = (
			);
			runOnlyForDeploymentPostprocessing = 0;
			shellPath = /bin/sh;
			shellScript = "# Don't run this during index builds\nif [ $ACTION = \"indexbuild\" ]; then exit 0; fi\n\n# Go to the build root and search up the chain to find the Derived Data Path where the source packages are checked out.\nDERIVED_DATA_CANDIDATE=\"${BUILD_ROOT}\"\n\nwhile ! [ -d \"${DERIVED_DATA_CANDIDATE}/SourcePackages\" ]; do\n  if [ \"${DERIVED_DATA_CANDIDATE}\" = / ]; then\n    echo >&2 \"error: Unable to locate SourcePackages directory from BUILD_ROOT: '${BUILD_ROOT}'\"\n    exit 1\n  fi\n\n  DERIVED_DATA_CANDIDATE=\"$(dirname \"${DERIVED_DATA_CANDIDATE}\")\"\ndone\n\n# Grab a reference to the directory where scripts are checked out\nSCRIPT_PATH=\"${DERIVED_DATA_CANDIDATE}/SourcePackages/checkouts/apollo-ios/scripts\"\n\nif [ -z \"${SCRIPT_PATH}\" ]; then\n    echo >&2 \"error: Couldn't find the CLI script in your checked out SPM packages; make sure to add the framework to your project.\"\n    exit 1\nfi\n\ncd \"${SRCROOT}/${TARGET_NAME}\"\n\"${SCRIPT_PATH}\"/run-bundled-codegen.sh codegen:generate --target=swift --includes=./**/*.graphql --localSchemaFile=\"schema.json\" Shared/GraphQL/API.swift\n\n";
		};
/* End PBXShellScriptBuildPhase section */

/* Begin PBXSourcesBuildPhase section */
		69CA3493273161C0004D5D9C /* Sources */ = {
			isa = PBXSourcesBuildPhase;
			buildActionMask = 2147483647;
			files = (
				69BB4C272736CB60001175C8 /* PRListView.swift in Sources */,
				5931188B27360EA000BA67BC /* PullRequestCell.swift in Sources */,
				69D6439127325F6F0001BBBA /* PullRequest.swift in Sources */,
				593118972736754600BA67BC /* Color+Extensions.swift in Sources */,
				69BB4C2D2736CB6A001175C8 /* PRListViewModel.swift in Sources */,
				59CEC3D6273803BB003F94B1 /* PRItemLabel.swift in Sources */,
				5931189E2736867B00BA67BC /* CheckBox.swift in Sources */,
				5990F52C27396BB1007DC686 /* MyPRManager.swift in Sources */,
				69BB4C52273807E3001175C8 /* WatchedUserViewModel.swift in Sources */,
				69BB4C1B27357FD4001175C8 /* LoginView.swift in Sources */,
				69BB4C312736EC24001175C8 /* FilterViewModel.swift in Sources */,
				69CA34A2273161C0004D5D9C /* ContentView.swift in Sources */,
				69BB4C2A2736CB64001175C8 /* Constants.swift in Sources */,
				69CA34C5273165D3004D5D9C /* API.swift in Sources */,
				59CEC3D3273801FA003F94B1 /* Tag.swift in Sources */,
				69BB4C3A27379B46001175C8 /* Array+Extensions.swift in Sources */,
				69D64386273256DF0001BBBA /* NetworkService.swift in Sources */,
				69BB4C462737B6F1001175C8 /* RefreshableScrollView.swift in Sources */,
				59DDC04F2737714200101394 /* PRItemType.swift in Sources */,
				69BB4C4F2737F1B1001175C8 /* SettingsViewModel.swift in Sources */,
				69CA34A0273161C0004D5D9C /* PRCheckerApp.swift in Sources */,
				5931189A2736758400BA67BC /* FilterView.swift in Sources */,
				69D6438A2732573A0001BBBA /* LoginInfoViewModel.swift in Sources */,
				69BB4C4C2737EEB4001175C8 /* SettingsView.swift in Sources */,
			);
			runOnlyForDeploymentPostprocessing = 0;
		};
		69CA3499273161C0004D5D9C /* Sources */ = {
			isa = PBXSourcesBuildPhase;
			buildActionMask = 2147483647;
			files = (
				69BB4C53273807E3001175C8 /* WatchedUserViewModel.swift in Sources */,
				592839782737B7200069651B /* MenuController.swift in Sources */,
				69BB4C4D2737EEB4001175C8 /* SettingsView.swift in Sources */,
				69BB4C282736CB60001175C8 /* PRListView.swift in Sources */,
				5931188C27360EA000BA67BC /* PullRequestCell.swift in Sources */,
				69D6439227325F6F0001BBBA /* PullRequest.swift in Sources */,
				592839742737B2410069651B /* MenuView.swift in Sources */,
				593118982736754600BA67BC /* Color+Extensions.swift in Sources */,
				599D979D2737C746003E1835 /* MenuBarPRCell.swift in Sources */,
				69BB4C2E2736CB6A001175C8 /* PRListViewModel.swift in Sources */,
				5931189F2736867B00BA67BC /* CheckBox.swift in Sources */,
				69BB4C1C27357FD4001175C8 /* LoginView.swift in Sources */,
				69BB4C322736EC24001175C8 /* FilterViewModel.swift in Sources */,
				69CA34A3273161C0004D5D9C /* ContentView.swift in Sources */,
				69BB4C2B2736CB64001175C8 /* Constants.swift in Sources */,
				69CA34C6273165D3004D5D9C /* API.swift in Sources */,
				59CEC3D4273801FA003F94B1 /* Tag.swift in Sources */,
				69BB4C3B27379B46001175C8 /* Array+Extensions.swift in Sources */,
				59DDC0532737ABAE00101394 /* AppDelegate.swift in Sources */,
				69D64387273256DF0001BBBA /* NetworkService.swift in Sources */,
				69BB4C472737B6F1001175C8 /* RefreshableScrollView.swift in Sources */,
				59DDC0502737714B00101394 /* PRItemType.swift in Sources */,
				69CA34A1273161C0004D5D9C /* PRCheckerApp.swift in Sources */,
				5990F52D27396BB1007DC686 /* MyPRManager.swift in Sources */,
				59CEC3D7273803BB003F94B1 /* PRItemLabel.swift in Sources */,
				5931189B2736758400BA67BC /* FilterView.swift in Sources */,
				69D6438B2732573A0001BBBA /* LoginInfoViewModel.swift in Sources */,
				69BB4C502737F1B1001175C8 /* SettingsViewModel.swift in Sources */,
			);
			runOnlyForDeploymentPostprocessing = 0;
		};
/* End PBXSourcesBuildPhase section */

/* Begin XCBuildConfiguration section */
		69CA34A6273161C0004D5D9C /* Debug */ = {
			isa = XCBuildConfiguration;
			buildSettings = {
				ALWAYS_SEARCH_USER_PATHS = NO;
				CLANG_ANALYZER_NONNULL = YES;
				CLANG_ANALYZER_NUMBER_OBJECT_CONVERSION = YES_AGGRESSIVE;
				CLANG_CXX_LANGUAGE_STANDARD = "gnu++17";
				CLANG_CXX_LIBRARY = "libc++";
				CLANG_ENABLE_MODULES = YES;
				CLANG_ENABLE_OBJC_ARC = YES;
				CLANG_ENABLE_OBJC_WEAK = YES;
				CLANG_WARN_BLOCK_CAPTURE_AUTORELEASING = YES;
				CLANG_WARN_BOOL_CONVERSION = YES;
				CLANG_WARN_COMMA = YES;
				CLANG_WARN_CONSTANT_CONVERSION = YES;
				CLANG_WARN_DEPRECATED_OBJC_IMPLEMENTATIONS = YES;
				CLANG_WARN_DIRECT_OBJC_ISA_USAGE = YES_ERROR;
				CLANG_WARN_DOCUMENTATION_COMMENTS = YES;
				CLANG_WARN_EMPTY_BODY = YES;
				CLANG_WARN_ENUM_CONVERSION = YES;
				CLANG_WARN_INFINITE_RECURSION = YES;
				CLANG_WARN_INT_CONVERSION = YES;
				CLANG_WARN_NON_LITERAL_NULL_CONVERSION = YES;
				CLANG_WARN_OBJC_IMPLICIT_RETAIN_SELF = YES;
				CLANG_WARN_OBJC_LITERAL_CONVERSION = YES;
				CLANG_WARN_OBJC_ROOT_CLASS = YES_ERROR;
				CLANG_WARN_QUOTED_INCLUDE_IN_FRAMEWORK_HEADER = YES;
				CLANG_WARN_RANGE_LOOP_ANALYSIS = YES;
				CLANG_WARN_STRICT_PROTOTYPES = YES;
				CLANG_WARN_SUSPICIOUS_MOVE = YES;
				CLANG_WARN_UNGUARDED_AVAILABILITY = YES_AGGRESSIVE;
				CLANG_WARN_UNREACHABLE_CODE = YES;
				CLANG_WARN__DUPLICATE_METHOD_MATCH = YES;
				COPY_PHASE_STRIP = NO;
				DEBUG_INFORMATION_FORMAT = dwarf;
				ENABLE_STRICT_OBJC_MSGSEND = YES;
				ENABLE_TESTABILITY = YES;
				GCC_C_LANGUAGE_STANDARD = gnu11;
				GCC_DYNAMIC_NO_PIC = NO;
				GCC_NO_COMMON_BLOCKS = YES;
				GCC_OPTIMIZATION_LEVEL = 0;
				GCC_PREPROCESSOR_DEFINITIONS = (
					"DEBUG=1",
					"$(inherited)",
				);
				GCC_WARN_64_TO_32_BIT_CONVERSION = YES;
				GCC_WARN_ABOUT_RETURN_TYPE = YES_ERROR;
				GCC_WARN_UNDECLARED_SELECTOR = YES;
				GCC_WARN_UNINITIALIZED_AUTOS = YES_AGGRESSIVE;
				GCC_WARN_UNUSED_FUNCTION = YES;
				GCC_WARN_UNUSED_VARIABLE = YES;
				IPHONEOS_DEPLOYMENT_TARGET = 14.0;
				MACOSX_DEPLOYMENT_TARGET = 11.0;
				MTL_ENABLE_DEBUG_INFO = INCLUDE_SOURCE;
				MTL_FAST_MATH = YES;
				ONLY_ACTIVE_ARCH = YES;
				SWIFT_ACTIVE_COMPILATION_CONDITIONS = DEBUG;
				SWIFT_OPTIMIZATION_LEVEL = "-Onone";
			};
			name = Debug;
		};
		69CA34A7273161C0004D5D9C /* Release */ = {
			isa = XCBuildConfiguration;
			buildSettings = {
				ALWAYS_SEARCH_USER_PATHS = NO;
				CLANG_ANALYZER_NONNULL = YES;
				CLANG_ANALYZER_NUMBER_OBJECT_CONVERSION = YES_AGGRESSIVE;
				CLANG_CXX_LANGUAGE_STANDARD = "gnu++17";
				CLANG_CXX_LIBRARY = "libc++";
				CLANG_ENABLE_MODULES = YES;
				CLANG_ENABLE_OBJC_ARC = YES;
				CLANG_ENABLE_OBJC_WEAK = YES;
				CLANG_WARN_BLOCK_CAPTURE_AUTORELEASING = YES;
				CLANG_WARN_BOOL_CONVERSION = YES;
				CLANG_WARN_COMMA = YES;
				CLANG_WARN_CONSTANT_CONVERSION = YES;
				CLANG_WARN_DEPRECATED_OBJC_IMPLEMENTATIONS = YES;
				CLANG_WARN_DIRECT_OBJC_ISA_USAGE = YES_ERROR;
				CLANG_WARN_DOCUMENTATION_COMMENTS = YES;
				CLANG_WARN_EMPTY_BODY = YES;
				CLANG_WARN_ENUM_CONVERSION = YES;
				CLANG_WARN_INFINITE_RECURSION = YES;
				CLANG_WARN_INT_CONVERSION = YES;
				CLANG_WARN_NON_LITERAL_NULL_CONVERSION = YES;
				CLANG_WARN_OBJC_IMPLICIT_RETAIN_SELF = YES;
				CLANG_WARN_OBJC_LITERAL_CONVERSION = YES;
				CLANG_WARN_OBJC_ROOT_CLASS = YES_ERROR;
				CLANG_WARN_QUOTED_INCLUDE_IN_FRAMEWORK_HEADER = YES;
				CLANG_WARN_RANGE_LOOP_ANALYSIS = YES;
				CLANG_WARN_STRICT_PROTOTYPES = YES;
				CLANG_WARN_SUSPICIOUS_MOVE = YES;
				CLANG_WARN_UNGUARDED_AVAILABILITY = YES_AGGRESSIVE;
				CLANG_WARN_UNREACHABLE_CODE = YES;
				CLANG_WARN__DUPLICATE_METHOD_MATCH = YES;
				COPY_PHASE_STRIP = NO;
				DEBUG_INFORMATION_FORMAT = "dwarf-with-dsym";
				ENABLE_NS_ASSERTIONS = NO;
				ENABLE_STRICT_OBJC_MSGSEND = YES;
				GCC_C_LANGUAGE_STANDARD = gnu11;
				GCC_NO_COMMON_BLOCKS = YES;
				GCC_WARN_64_TO_32_BIT_CONVERSION = YES;
				GCC_WARN_ABOUT_RETURN_TYPE = YES_ERROR;
				GCC_WARN_UNDECLARED_SELECTOR = YES;
				GCC_WARN_UNINITIALIZED_AUTOS = YES_AGGRESSIVE;
				GCC_WARN_UNUSED_FUNCTION = YES;
				GCC_WARN_UNUSED_VARIABLE = YES;
				IPHONEOS_DEPLOYMENT_TARGET = 14.0;
				MACOSX_DEPLOYMENT_TARGET = 11.0;
				MTL_ENABLE_DEBUG_INFO = NO;
				MTL_FAST_MATH = YES;
				SWIFT_COMPILATION_MODE = wholemodule;
				SWIFT_OPTIMIZATION_LEVEL = "-O";
			};
			name = Release;
		};
		69CA34A9273161C0004D5D9C /* Debug */ = {
			isa = XCBuildConfiguration;
			buildSettings = {
				ASSETCATALOG_COMPILER_APPICON_NAME = AppIcon;
				ASSETCATALOG_COMPILER_GLOBAL_ACCENT_COLOR_NAME = AccentColor;
				CODE_SIGN_STYLE = Automatic;
				CURRENT_PROJECT_VERSION = 1;
				ENABLE_PREVIEWS = YES;
				GENERATE_INFOPLIST_FILE = YES;
				INFOPLIST_KEY_UIApplicationSceneManifest_Generation = YES;
				INFOPLIST_KEY_UIApplicationSupportsIndirectInputEvents = YES;
				INFOPLIST_KEY_UILaunchScreen_Generation = YES;
				INFOPLIST_KEY_UISupportedInterfaceOrientations_iPad = "UIInterfaceOrientationPortrait UIInterfaceOrientationPortraitUpsideDown UIInterfaceOrientationLandscapeLeft UIInterfaceOrientationLandscapeRight";
				INFOPLIST_KEY_UISupportedInterfaceOrientations_iPhone = "UIInterfaceOrientationPortrait UIInterfaceOrientationLandscapeLeft UIInterfaceOrientationLandscapeRight";
				IPHONEOS_DEPLOYMENT_TARGET = 14.0;
				LD_RUNPATH_SEARCH_PATHS = (
					"$(inherited)",
					"@executable_path/Frameworks",
				);
				MARKETING_VERSION = 1.0;
				PRODUCT_BUNDLE_IDENTIFIER = io.brevansio.PRChecker;
				PRODUCT_NAME = PRChecker;
				SDKROOT = iphoneos;
				SWIFT_EMIT_LOC_STRINGS = YES;
				SWIFT_VERSION = 5.0;
				TARGETED_DEVICE_FAMILY = "1,2";
			};
			name = Debug;
		};
		69CA34AA273161C0004D5D9C /* Release */ = {
			isa = XCBuildConfiguration;
			buildSettings = {
				ASSETCATALOG_COMPILER_APPICON_NAME = AppIcon;
				ASSETCATALOG_COMPILER_GLOBAL_ACCENT_COLOR_NAME = AccentColor;
				CODE_SIGN_STYLE = Automatic;
				CURRENT_PROJECT_VERSION = 1;
				ENABLE_PREVIEWS = YES;
				GENERATE_INFOPLIST_FILE = YES;
				INFOPLIST_KEY_UIApplicationSceneManifest_Generation = YES;
				INFOPLIST_KEY_UIApplicationSupportsIndirectInputEvents = YES;
				INFOPLIST_KEY_UILaunchScreen_Generation = YES;
				INFOPLIST_KEY_UISupportedInterfaceOrientations_iPad = "UIInterfaceOrientationPortrait UIInterfaceOrientationPortraitUpsideDown UIInterfaceOrientationLandscapeLeft UIInterfaceOrientationLandscapeRight";
				INFOPLIST_KEY_UISupportedInterfaceOrientations_iPhone = "UIInterfaceOrientationPortrait UIInterfaceOrientationLandscapeLeft UIInterfaceOrientationLandscapeRight";
				IPHONEOS_DEPLOYMENT_TARGET = 14.0;
				LD_RUNPATH_SEARCH_PATHS = (
					"$(inherited)",
					"@executable_path/Frameworks",
				);
				MARKETING_VERSION = 1.0;
				PRODUCT_BUNDLE_IDENTIFIER = io.brevansio.PRChecker;
				PRODUCT_NAME = PRChecker;
				SDKROOT = iphoneos;
				SWIFT_EMIT_LOC_STRINGS = YES;
				SWIFT_VERSION = 5.0;
				TARGETED_DEVICE_FAMILY = "1,2";
				VALIDATE_PRODUCT = YES;
			};
			name = Release;
		};
		69CA34AC273161C0004D5D9C /* Debug */ = {
			isa = XCBuildConfiguration;
			buildSettings = {
				ASSETCATALOG_COMPILER_APPICON_NAME = AppIcon;
				ASSETCATALOG_COMPILER_GLOBAL_ACCENT_COLOR_NAME = AccentColor;
				CODE_SIGN_ENTITLEMENTS = macOS/macOS.entitlements;
				CODE_SIGN_STYLE = Automatic;
				COMBINE_HIDPI_IMAGES = YES;
				CURRENT_PROJECT_VERSION = 1;
				ENABLE_PREVIEWS = YES;
				GENERATE_INFOPLIST_FILE = YES;
				INFOPLIST_KEY_LSApplicationCategoryType = "public.app-category.developer-tools";
				INFOPLIST_KEY_NSHumanReadableCopyright = "";
				LD_RUNPATH_SEARCH_PATHS = (
					"$(inherited)",
					"@executable_path/../Frameworks",
				);
				MACOSX_DEPLOYMENT_TARGET = 11.0;
				MARKETING_VERSION = 1.0;
				PRODUCT_BUNDLE_IDENTIFIER = io.brevansio.PRChecker;
				PRODUCT_NAME = Drop;
				SDKROOT = macosx;
				SWIFT_EMIT_LOC_STRINGS = YES;
				SWIFT_VERSION = 5.0;
			};
			name = Debug;
		};
		69CA34AD273161C0004D5D9C /* Release */ = {
			isa = XCBuildConfiguration;
			buildSettings = {
				ASSETCATALOG_COMPILER_APPICON_NAME = AppIcon;
				ASSETCATALOG_COMPILER_GLOBAL_ACCENT_COLOR_NAME = AccentColor;
				CODE_SIGN_ENTITLEMENTS = macOS/macOS.entitlements;
				CODE_SIGN_STYLE = Automatic;
				COMBINE_HIDPI_IMAGES = YES;
				CURRENT_PROJECT_VERSION = 1;
				ENABLE_PREVIEWS = YES;
				GENERATE_INFOPLIST_FILE = YES;
				INFOPLIST_KEY_LSApplicationCategoryType = "public.app-category.developer-tools";
				INFOPLIST_KEY_NSHumanReadableCopyright = "";
				LD_RUNPATH_SEARCH_PATHS = (
					"$(inherited)",
					"@executable_path/../Frameworks",
				);
				MACOSX_DEPLOYMENT_TARGET = 11.0;
				MARKETING_VERSION = 1.0;
				PRODUCT_BUNDLE_IDENTIFIER = io.brevansio.PRChecker;
				PRODUCT_NAME = Drop;
				SDKROOT = macosx;
				SWIFT_EMIT_LOC_STRINGS = YES;
				SWIFT_VERSION = 5.0;
			};
			name = Release;
		};
/* End XCBuildConfiguration section */

/* Begin XCConfigurationList section */
		69CA348E273161BF004D5D9C /* Build configuration list for PBXProject "PRChecker" */ = {
			isa = XCConfigurationList;
			buildConfigurations = (
				69CA34A6273161C0004D5D9C /* Debug */,
				69CA34A7273161C0004D5D9C /* Release */,
			);
			defaultConfigurationIsVisible = 0;
			defaultConfigurationName = Release;
		};
		69CA34A8273161C0004D5D9C /* Build configuration list for PBXNativeTarget "PRChecker (iOS)" */ = {
			isa = XCConfigurationList;
			buildConfigurations = (
				69CA34A9273161C0004D5D9C /* Debug */,
				69CA34AA273161C0004D5D9C /* Release */,
			);
			defaultConfigurationIsVisible = 0;
			defaultConfigurationName = Release;
		};
		69CA34AB273161C0004D5D9C /* Build configuration list for PBXNativeTarget "PRChecker (macOS)" */ = {
			isa = XCConfigurationList;
			buildConfigurations = (
				69CA34AC273161C0004D5D9C /* Debug */,
				69CA34AD273161C0004D5D9C /* Release */,
			);
			defaultConfigurationIsVisible = 0;
			defaultConfigurationName = Release;
		};
/* End XCConfigurationList section */

/* Begin XCRemoteSwiftPackageReference section */
		692A74E1273204F200C872AB /* XCRemoteSwiftPackageReference "apollo-ios" */ = {
			isa = XCRemoteSwiftPackageReference;
			repositoryURL = "https://github.com/apollographql/apollo-ios.git";
			requirement = {
				branch = main;
				kind = branch;
			};
		};
		69D6438C273258CD0001BBBA /* XCRemoteSwiftPackageReference "KeychainAccess" */ = {
			isa = XCRemoteSwiftPackageReference;
			repositoryURL = "https://github.com/kishikawakatsumi/KeychainAccess.git";
			requirement = {
				kind = upToNextMajorVersion;
				minimumVersion = 4.0.0;
			};
		};
/* End XCRemoteSwiftPackageReference section */

/* Begin XCSwiftPackageProductDependency section */
		692A74E2273204F200C872AB /* Apollo */ = {
			isa = XCSwiftPackageProductDependency;
			package = 692A74E1273204F200C872AB /* XCRemoteSwiftPackageReference "apollo-ios" */;
			productName = Apollo;
		};
		692A74E4273204F200C872AB /* ApolloAPI */ = {
			isa = XCSwiftPackageProductDependency;
			package = 692A74E1273204F200C872AB /* XCRemoteSwiftPackageReference "apollo-ios" */;
			productName = ApolloAPI;
		};
		692A74E6273204F200C872AB /* ApolloCodegenLib */ = {
			isa = XCSwiftPackageProductDependency;
			package = 692A74E1273204F200C872AB /* XCRemoteSwiftPackageReference "apollo-ios" */;
			productName = ApolloCodegenLib;
		};
		692A74E8273204F200C872AB /* ApolloSQLite */ = {
			isa = XCSwiftPackageProductDependency;
			package = 692A74E1273204F200C872AB /* XCRemoteSwiftPackageReference "apollo-ios" */;
			productName = ApolloSQLite;
		};
		692A74EA273204F200C872AB /* ApolloUtils */ = {
			isa = XCSwiftPackageProductDependency;
			package = 692A74E1273204F200C872AB /* XCRemoteSwiftPackageReference "apollo-ios" */;
			productName = ApolloUtils;
		};
		692A74EC273204F200C872AB /* ApolloWebSocket */ = {
			isa = XCSwiftPackageProductDependency;
			package = 692A74E1273204F200C872AB /* XCRemoteSwiftPackageReference "apollo-ios" */;
			productName = ApolloWebSocket;
		};
		69D6438D273258CD0001BBBA /* KeychainAccess */ = {
			isa = XCSwiftPackageProductDependency;
			package = 69D6438C273258CD0001BBBA /* XCRemoteSwiftPackageReference "KeychainAccess" */;
			productName = KeychainAccess;
		};
/* End XCSwiftPackageProductDependency section */
	};
	rootObject = 69CA348B273161BF004D5D9C /* Project object */;
}
